
Microsoft Visual Studio Solution File, Format Version 12.00
# Visual Studio Version 17
VisualStudioVersion = 17.0.32014.148
MinimumVisualStudioVersion = 10.0.40219.1
Project("{FAE04EC0-301F-11D3-BF4B-00C04F79EFBC}") = "CryptoBeholderBot", "CryptoBeholderBot\CryptoBeholderBot.csproj", "{579AB94F-3784-4AD7-B5AE-5931A6DF45CF}"
EndProject
Global
	GlobalSection(SolutionConfigurationPlatforms) = preSolution
		Debug|Any CPU = Debug|Any CPU
		Release|Any CPU = Release|Any CPU
	EndGlobalSection
	GlobalSection(ProjectConfigurationPlatforms) = postSolution
		{579AB94F-3784-4AD7-B5AE-5931A6DF45CF}.Debug|Any CPU.ActiveCfg = Debug|Any CPU
		{579AB94F-3784-4AD7-B5AE-5931A6DF45CF}.Debug|Any CPU.Build.0 = Debug|Any CPU
		{579AB94F-3784-4AD7-B5AE-5931A6DF45CF}.Release|Any CPU.ActiveCfg = Release|Any CPU
		{579AB94F-3784-4AD7-B5AE-5931A6DF45CF}.Release|Any CPU.Build.0 = Release|Any CPU
	EndGlobalSection
	GlobalSection(SolutionProperties) = preSolution
		HideSolutionNode = FALSE
	EndGlobalSection
	GlobalSection(ExtensibilityGlobals) = postSolution
		SolutionGuid = {895042E7-AA76-4F8C-9F0E-EE7E11925DB1}
	EndGlobalSection
EndGlobal
